
Microsoft Visual Studio Solution File, Format Version 12.00
# Visual Studio Version 17
VisualStudioVersion = 17.5.002.0
MinimumVisualStudioVersion = 10.0.40219.1
Project("{9A19103F-16F7-4668-BE54-9A1E7A4F7556}") = "Dreamteam", "Dreamteam.csproj", "{9A7374BC-201B-4178-A63D-EBA51A137685}"
EndProject
Global
	GlobalSection(SolutionConfigurationPlatforms) = preSolution
		Debug|Any CPU = Debug|Any CPU
		Release|Any CPU = Release|Any CPU
	EndGlobalSection
	GlobalSection(ProjectConfigurationPlatforms) = postSolution
		{9A7374BC-201B-4178-A63D-EBA51A137685}.Debug|Any CPU.ActiveCfg = Debug|Any CPU
		{9A7374BC-201B-4178-A63D-EBA51A137685}.Debug|Any CPU.Build.0 = Debug|Any CPU
		{9A7374BC-201B-4178-A63D-EBA51A137685}.Release|Any CPU.ActiveCfg = Release|Any CPU
		{9A7374BC-201B-4178-A63D-EBA51A137685}.Release|Any CPU.Build.0 = Release|Any CPU
	EndGlobalSection
	GlobalSection(SolutionProperties) = preSolution
		HideSolutionNode = FALSE
	EndGlobalSection
	GlobalSection(ExtensibilityGlobals) = postSolution
		SolutionGuid = {F62EB860-34FC-4ABA-9C14-90D48DE60E29}
	EndGlobalSection
EndGlobal
